// !$*UTF8*$!
{
	archiveVersion = 1;
	classes = {
	};
	objectVersion = 50;
	objects = {

/* Begin PBXBuildFile section */
		5303C677255E0AD70060B3FA /* GLImageController.m in Sources */ = {isa = PBXBuildFile; fileRef = 5303C676255E0AD70060B3FA /* GLImageController.m */; };
		5303C67D255E0E290060B3FA /* GLCubeController.m in Sources */ = {isa = PBXBuildFile; fileRef = 5303C67C255E0E290060B3FA /* GLCubeController.m */; };
		53571F1725649CD200F8B903 /* GLSL3DController.m in Sources */ = {isa = PBXBuildFile; fileRef = 53571F1625649CD200F8B903 /* GLSL3DController.m */; };
		53571F1F25649D6A00F8B903 /* GLSL3DView.m in Sources */ = {isa = PBXBuildFile; fileRef = 53571F1E25649D6A00F8B903 /* GLSL3DView.m */; };
		53571F2725649DD100F8B903 /* glsl3d.vsh in Resources */ = {isa = PBXBuildFile; fileRef = 53571F2625649DD100F8B903 /* glsl3d.vsh */; };
		53571F2C25649DF000F8B903 /* glsl3d.fsh in Resources */ = {isa = PBXBuildFile; fileRef = 53571F2B25649DEF00F8B903 /* glsl3d.fsh */; };
		53571F322564A09F00F8B903 /* OpenGLES.framework in Frameworks */ = {isa = PBXBuildFile; fileRef = 53571F312564A09F00F8B903 /* OpenGLES.framework */; };
		538C58B92561FC600009011A /* CACubeController.m in Sources */ = {isa = PBXBuildFile; fileRef = 538C58B82561FC600009011A /* CACubeController.m */; };
		538C58C225634CD70009011A /* GLSLImageController.m in Sources */ = {isa = PBXBuildFile; fileRef = 538C58C125634CD70009011A /* GLSLImageController.m */; };
		538C58C825634D790009011A /* GLSLView.m in Sources */ = {isa = PBXBuildFile; fileRef = 538C58C725634D790009011A /* GLSLView.m */; };
		538C58CD25634DDC0009011A /* glslImage.vsh in Resources */ = {isa = PBXBuildFile; fileRef = 538C58CC25634DDC0009011A /* glslImage.vsh */; };
		538C58D225634E270009011A /* glslImage.fsh in Resources */ = {isa = PBXBuildFile; fileRef = 538C58D125634E270009011A /* glslImage.fsh */; };
		53D0C0CB2565EC8D002BBAD5 /* QuartzCore.framework in Frameworks */ = {isa = PBXBuildFile; fileRef = 53D0C0CA2565EC8D002BBAD5 /* QuartzCore.framework */; };
		53D0C0D12565EF8E002BBAD5 /* GLKit3DController.m in Sources */ = {isa = PBXBuildFile; fileRef = 53D0C0D02565EF8E002BBAD5 /* GLKit3DController.m */; };
		53D2D7AB255CB7ED004660CB /* AppDelegate.m in Sources */ = {isa = PBXBuildFile; fileRef = 53D2D7AA255CB7ED004660CB /* AppDelegate.m */; };
		53D2D7AE255CB7ED004660CB /* SceneDelegate.m in Sources */ = {isa = PBXBuildFile; fileRef = 53D2D7AD255CB7ED004660CB /* SceneDelegate.m */; };
		53D2D7B1255CB7ED004660CB /* ViewController.m in Sources */ = {isa = PBXBuildFile; fileRef = 53D2D7B0255CB7ED004660CB /* ViewController.m */; };
		53D2D7B4255CB7ED004660CB /* Main.storyboard in Resources */ = {isa = PBXBuildFile; fileRef = 53D2D7B2255CB7ED004660CB /* Main.storyboard */; };
		53D2D7B6255CB7EE004660CB /* Assets.xcassets in Resources */ = {isa = PBXBuildFile; fileRef = 53D2D7B5255CB7EE004660CB /* Assets.xcassets */; };
		53D2D7B9255CB7EE004660CB /* LaunchScreen.storyboard in Resources */ = {isa = PBXBuildFile; fileRef = 53D2D7B7255CB7EE004660CB /* LaunchScreen.storyboard */; };
		53D2D7BC255CB7EE004660CB /* main.m in Sources */ = {isa = PBXBuildFile; fileRef = 53D2D7BB255CB7EE004660CB /* main.m */; };
		53D2D7C6255CB7EE004660CB /* LLOpenGLESTests.m in Sources */ = {isa = PBXBuildFile; fileRef = 53D2D7C5255CB7EE004660CB /* LLOpenGLESTests.m */; };
		53D2D7D1255CB7EE004660CB /* LLOpenGLESUITests.m in Sources */ = {isa = PBXBuildFile; fileRef = 53D2D7D0255CB7EE004660CB /* LLOpenGLESUITests.m */; };
		53D2D7E5255CBC75004660CB /* 1.png in Resources */ = {isa = PBXBuildFile; fileRef = 53D2D7E4255CBC75004660CB /* 1.png */; };
/* End PBXBuildFile section */

/* Begin PBXContainerItemProxy section */
		53D2D7C2255CB7EE004660CB /* PBXContainerItemProxy */ = {
			isa = PBXContainerItemProxy;
			containerPortal = 53D2D79E255CB7ED004660CB /* Project object */;
			proxyType = 1;
			remoteGlobalIDString = 53D2D7A5255CB7ED004660CB;
			remoteInfo = LLOpenGLES;
		};
		53D2D7CD255CB7EE004660CB /* PBXContainerItemProxy */ = {
			isa = PBXContainerItemProxy;
			containerPortal = 53D2D79E255CB7ED004660CB /* Project object */;
			proxyType = 1;
			remoteGlobalIDString = 53D2D7A5255CB7ED004660CB;
			remoteInfo = LLOpenGLES;
		};
/* End PBXContainerItemProxy section */

/* Begin PBXFileReference section */
		5303C675255E0AD70060B3FA /* GLImageController.h */ = {isa = PBXFileReference; lastKnownFileType = sourcecode.c.h; path = GLImageController.h; sourceTree = "<group>"; };
		5303C676255E0AD70060B3FA /* GLImageController.m */ = {isa = PBXFileReference; lastKnownFileType = sourcecode.c.objc; path = GLImageController.m; sourceTree = "<group>"; };
		5303C67B255E0E290060B3FA /* GLCubeController.h */ = {isa = PBXFileReference; lastKnownFileType = sourcecode.c.h; path = GLCubeController.h; sourceTree = "<group>"; };
		5303C67C255E0E290060B3FA /* GLCubeController.m */ = {isa = PBXFileReference; lastKnownFileType = sourcecode.c.objc; path = GLCubeController.m; sourceTree = "<group>"; };
		53571F1525649CD200F8B903 /* GLSL3DController.h */ = {isa = PBXFileReference; lastKnownFileType = sourcecode.c.h; path = GLSL3DController.h; sourceTree = "<group>"; };
		53571F1625649CD200F8B903 /* GLSL3DController.m */ = {isa = PBXFileReference; lastKnownFileType = sourcecode.c.objc; path = GLSL3DController.m; sourceTree = "<group>"; };
		53571F1D25649D6A00F8B903 /* GLSL3DView.h */ = {isa = PBXFileReference; lastKnownFileType = sourcecode.c.h; path = GLSL3DView.h; sourceTree = "<group>"; };
		53571F1E25649D6A00F8B903 /* GLSL3DView.m */ = {isa = PBXFileReference; lastKnownFileType = sourcecode.c.objc; path = GLSL3DView.m; sourceTree = "<group>"; };
		53571F2625649DD100F8B903 /* glsl3d.vsh */ = {isa = PBXFileReference; lastKnownFileType = sourcecode.glsl; path = glsl3d.vsh; sourceTree = "<group>"; };
		53571F2B25649DEF00F8B903 /* glsl3d.fsh */ = {isa = PBXFileReference; fileEncoding = 4; lastKnownFileType = sourcecode.glsl; path = glsl3d.fsh; sourceTree = "<group>"; };
		53571F312564A09F00F8B903 /* OpenGLES.framework */ = {isa = PBXFileReference; lastKnownFileType = wrapper.framework; name = OpenGLES.framework; path = System/Library/Frameworks/OpenGLES.framework; sourceTree = SDKROOT; };
		538C58B72561FC600009011A /* CACubeController.h */ = {isa = PBXFileReference; lastKnownFileType = sourcecode.c.h; path = CACubeController.h; sourceTree = "<group>"; };
		538C58B82561FC600009011A /* CACubeController.m */ = {isa = PBXFileReference; lastKnownFileType = sourcecode.c.objc; path = CACubeController.m; sourceTree = "<group>"; };
		538C58C025634CD70009011A /* GLSLImageController.h */ = {isa = PBXFileReference; lastKnownFileType = sourcecode.c.h; path = GLSLImageController.h; sourceTree = "<group>"; };
		538C58C125634CD70009011A /* GLSLImageController.m */ = {isa = PBXFileReference; lastKnownFileType = sourcecode.c.objc; path = GLSLImageController.m; sourceTree = "<group>"; };
		538C58C625634D790009011A /* GLSLView.h */ = {isa = PBXFileReference; lastKnownFileType = sourcecode.c.h; path = GLSLView.h; sourceTree = "<group>"; };
		538C58C725634D790009011A /* GLSLView.m */ = {isa = PBXFileReference; lastKnownFileType = sourcecode.c.objc; path = GLSLView.m; sourceTree = "<group>"; };
		538C58CC25634DDC0009011A /* glslImage.vsh */ = {isa = PBXFileReference; lastKnownFileType = sourcecode.glsl; path = glslImage.vsh; sourceTree = "<group>"; };
		538C58D125634E270009011A /* glslImage.fsh */ = {isa = PBXFileReference; lastKnownFileType = sourcecode.glsl; path = glslImage.fsh; sourceTree = "<group>"; };
		53D0C0CA2565EC8D002BBAD5 /* QuartzCore.framework */ = {isa = PBXFileReference; lastKnownFileType = wrapper.framework; name = QuartzCore.framework; path = System/Library/Frameworks/QuartzCore.framework; sourceTree = SDKROOT; };
		53D0C0CF2565EF8E002BBAD5 /* GLKit3DController.h */ = {isa = PBXFileReference; lastKnownFileType = sourcecode.c.h; path = GLKit3DController.h; sourceTree = "<group>"; };
		53D0C0D02565EF8E002BBAD5 /* GLKit3DController.m */ = {isa = PBXFileReference; lastKnownFileType = sourcecode.c.objc; path = GLKit3DController.m; sourceTree = "<group>"; };
		53D2D7A6255CB7ED004660CB /* LLOpenGLES.app */ = {isa = PBXFileReference; explicitFileType = wrapper.application; includeInIndex = 0; path = LLOpenGLES.app; sourceTree = BUILT_PRODUCTS_DIR; };
		53D2D7A9255CB7ED004660CB /* AppDelegate.h */ = {isa = PBXFileReference; lastKnownFileType = sourcecode.c.h; path = AppDelegate.h; sourceTree = "<group>"; };
		53D2D7AA255CB7ED004660CB /* AppDelegate.m */ = {isa = PBXFileReference; lastKnownFileType = sourcecode.c.objc; path = AppDelegate.m; sourceTree = "<group>"; };
		53D2D7AC255CB7ED004660CB /* SceneDelegate.h */ = {isa = PBXFileReference; lastKnownFileType = sourcecode.c.h; path = SceneDelegate.h; sourceTree = "<group>"; };
		53D2D7AD255CB7ED004660CB /* SceneDelegate.m */ = {isa = PBXFileReference; lastKnownFileType = sourcecode.c.objc; path = SceneDelegate.m; sourceTree = "<group>"; };
		53D2D7AF255CB7ED004660CB /* ViewController.h */ = {isa = PBXFileReference; lastKnownFileType = sourcecode.c.h; path = ViewController.h; sourceTree = "<group>"; };
		53D2D7B0255CB7ED004660CB /* ViewController.m */ = {isa = PBXFileReference; lastKnownFileType = sourcecode.c.objc; path = ViewController.m; sourceTree = "<group>"; };
		53D2D7B3255CB7ED004660CB /* Base */ = {isa = PBXFileReference; lastKnownFileType = file.storyboard; name = Base; path = Base.lproj/Main.storyboard; sourceTree = "<group>"; };
		53D2D7B5255CB7EE004660CB /* Assets.xcassets */ = {isa = PBXFileReference; lastKnownFileType = folder.assetcatalog; path = Assets.xcassets; sourceTree = "<group>"; };
		53D2D7B8255CB7EE004660CB /* Base */ = {isa = PBXFileReference; lastKnownFileType = file.storyboard; name = Base; path = Base.lproj/LaunchScreen.storyboard; sourceTree = "<group>"; };
		53D2D7BA255CB7EE004660CB /* Info.plist */ = {isa = PBXFileReference; lastKnownFileType = text.plist.xml; path = Info.plist; sourceTree = "<group>"; };
		53D2D7BB255CB7EE004660CB /* main.m */ = {isa = PBXFileReference; lastKnownFileType = sourcecode.c.objc; path = main.m; sourceTree = "<group>"; };
		53D2D7C1255CB7EE004660CB /* LLOpenGLESTests.xctest */ = {isa = PBXFileReference; explicitFileType = wrapper.cfbundle; includeInIndex = 0; path = LLOpenGLESTests.xctest; sourceTree = BUILT_PRODUCTS_DIR; };
		53D2D7C5255CB7EE004660CB /* LLOpenGLESTests.m */ = {isa = PBXFileReference; lastKnownFileType = sourcecode.c.objc; path = LLOpenGLESTests.m; sourceTree = "<group>"; };
		53D2D7C7255CB7EE004660CB /* Info.plist */ = {isa = PBXFileReference; lastKnownFileType = text.plist.xml; path = Info.plist; sourceTree = "<group>"; };
		53D2D7CC255CB7EE004660CB /* LLOpenGLESUITests.xctest */ = {isa = PBXFileReference; explicitFileType = wrapper.cfbundle; includeInIndex = 0; path = LLOpenGLESUITests.xctest; sourceTree = BUILT_PRODUCTS_DIR; };
		53D2D7D0255CB7EE004660CB /* LLOpenGLESUITests.m */ = {isa = PBXFileReference; lastKnownFileType = sourcecode.c.objc; path = LLOpenGLESUITests.m; sourceTree = "<group>"; };
		53D2D7D2255CB7EE004660CB /* Info.plist */ = {isa = PBXFileReference; lastKnownFileType = text.plist.xml; path = Info.plist; sourceTree = "<group>"; };
		53D2D7E4255CBC75004660CB /* 1.png */ = {isa = PBXFileReference; lastKnownFileType = image.png; path = 1.png; sourceTree = "<group>"; };
/* End PBXFileReference section */

/* Begin PBXFrameworksBuildPhase section */
		53D2D7A3255CB7ED004660CB /* Frameworks */ = {
			isa = PBXFrameworksBuildPhase;
			buildActionMask = 2147483647;
			files = (
				53D0C0CB2565EC8D002BBAD5 /* QuartzCore.framework in Frameworks */,
				53571F322564A09F00F8B903 /* OpenGLES.framework in Frameworks */,
			);
			runOnlyForDeploymentPostprocessing = 0;
		};
		53D2D7BE255CB7EE004660CB /* Frameworks */ = {
			isa = PBXFrameworksBuildPhase;
			buildActionMask = 2147483647;
			files = (
			);
			runOnlyForDeploymentPostprocessing = 0;
		};
		53D2D7C9255CB7EE004660CB /* Frameworks */ = {
			isa = PBXFrameworksBuildPhase;
			buildActionMask = 2147483647;
			files = (
			);
			runOnlyForDeploymentPostprocessing = 0;
		};
/* End PBXFrameworksBuildPhase section */

/* Begin PBXGroup section */
		53571F1B25649D0900F8B903 /* GLSLImage */ = {
			isa = PBXGroup;
			children = (
				538C58C025634CD70009011A /* GLSLImageController.h */,
				538C58C125634CD70009011A /* GLSLImageController.m */,
				538C58C625634D790009011A /* GLSLView.h */,
				538C58C725634D790009011A /* GLSLView.m */,
				538C58CC25634DDC0009011A /* glslImage.vsh */,
				538C58D125634E270009011A /* glslImage.fsh */,
			);
			path = GLSLImage;
			sourceTree = "<group>";
		};
		53571F1C25649D4100F8B903 /* GLSL3D */ = {
			isa = PBXGroup;
			children = (
				53571F1525649CD200F8B903 /* GLSL3DController.h */,
				53571F1625649CD200F8B903 /* GLSL3DController.m */,
				53571F1D25649D6A00F8B903 /* GLSL3DView.h */,
				53571F1E25649D6A00F8B903 /* GLSL3DView.m */,
				53571F2625649DD100F8B903 /* glsl3d.vsh */,
				53571F2B25649DEF00F8B903 /* glsl3d.fsh */,
			);
			path = GLSL3D;
			sourceTree = "<group>";
		};
		53571F302564A09E00F8B903 /* Frameworks */ = {
			isa = PBXGroup;
			children = (
				53D0C0CA2565EC8D002BBAD5 /* QuartzCore.framework */,
				53571F312564A09F00F8B903 /* OpenGLES.framework */,
			);
			name = Frameworks;
			sourceTree = "<group>";
		};
		53D2D79D255CB7ED004660CB = {
			isa = PBXGroup;
			children = (
				53D2D7A8255CB7ED004660CB /* LLOpenGLES */,
				53D2D7C4255CB7EE004660CB /* LLOpenGLESTests */,
				53D2D7CF255CB7EE004660CB /* LLOpenGLESUITests */,
				53D2D7A7255CB7ED004660CB /* Products */,
				53571F302564A09E00F8B903 /* Frameworks */,
			);
			sourceTree = "<group>";
		};
		53D2D7A7255CB7ED004660CB /* Products */ = {
			isa = PBXGroup;
			children = (
				53D2D7A6255CB7ED004660CB /* LLOpenGLES.app */,
				53D2D7C1255CB7EE004660CB /* LLOpenGLESTests.xctest */,
				53D2D7CC255CB7EE004660CB /* LLOpenGLESUITests.xctest */,
			);
			name = Products;
			sourceTree = "<group>";
		};
		53D2D7A8255CB7ED004660CB /* LLOpenGLES */ = {
			isa = PBXGroup;
			children = (
				53D2D7A9255CB7ED004660CB /* AppDelegate.h */,
				53D2D7AA255CB7ED004660CB /* AppDelegate.m */,
				53D2D7AC255CB7ED004660CB /* SceneDelegate.h */,
				53D2D7AD255CB7ED004660CB /* SceneDelegate.m */,
				53D2D7AF255CB7ED004660CB /* ViewController.h */,
				53D2D7B0255CB7ED004660CB /* ViewController.m */,
				5303C675255E0AD70060B3FA /* GLImageController.h */,
				5303C676255E0AD70060B3FA /* GLImageController.m */,
				5303C67B255E0E290060B3FA /* GLCubeController.h */,
				5303C67C255E0E290060B3FA /* GLCubeController.m */,
				538C58B72561FC600009011A /* CACubeController.h */,
				538C58B82561FC600009011A /* CACubeController.m */,
				53D0C0CF2565EF8E002BBAD5 /* GLKit3DController.h */,
				53D0C0D02565EF8E002BBAD5 /* GLKit3DController.m */,
				53571F1B25649D0900F8B903 /* GLSLImage */,
				53571F1C25649D4100F8B903 /* GLSL3D */,
				53D2D7B2255CB7ED004660CB /* Main.storyboard */,
				53D2D7E4255CBC75004660CB /* 1.png */,
				53D2D7B5255CB7EE004660CB /* Assets.xcassets */,
				53D2D7B7255CB7EE004660CB /* LaunchScreen.storyboard */,
				53D2D7BA255CB7EE004660CB /* Info.plist */,
				53D2D7BB255CB7EE004660CB /* main.m */,
			);
			path = LLOpenGLES;
			sourceTree = "<group>";
		};
		53D2D7C4255CB7EE004660CB /* LLOpenGLESTests */ = {
			isa = PBXGroup;
			children = (
				53D2D7C5255CB7EE004660CB /* LLOpenGLESTests.m */,
				53D2D7C7255CB7EE004660CB /* Info.plist */,
			);
			path = LLOpenGLESTests;
			sourceTree = "<group>";
		};
		53D2D7CF255CB7EE004660CB /* LLOpenGLESUITests */ = {
			isa = PBXGroup;
			children = (
				53D2D7D0255CB7EE004660CB /* LLOpenGLESUITests.m */,
				53D2D7D2255CB7EE004660CB /* Info.plist */,
			);
			path = LLOpenGLESUITests;
			sourceTree = "<group>";
		};
/* End PBXGroup section */

/* Begin PBXNativeTarget section */
		53D2D7A5255CB7ED004660CB /* LLOpenGLES */ = {
			isa = PBXNativeTarget;
			buildConfigurationList = 53D2D7D5255CB7EE004660CB /* Build configuration list for PBXNativeTarget "LLOpenGLES" */;
			buildPhases = (
				53D2D7A2255CB7ED004660CB /* Sources */,
				53D2D7A3255CB7ED004660CB /* Frameworks */,
				53D2D7A4255CB7ED004660CB /* Resources */,
			);
			buildRules = (
			);
			dependencies = (
			);
			name = LLOpenGLES;
			productName = LLOpenGLES;
			productReference = 53D2D7A6255CB7ED004660CB /* LLOpenGLES.app */;
			productType = "com.apple.product-type.application";
		};
		53D2D7C0255CB7EE004660CB /* LLOpenGLESTests */ = {
			isa = PBXNativeTarget;
			buildConfigurationList = 53D2D7D8255CB7EE004660CB /* Build configuration list for PBXNativeTarget "LLOpenGLESTests" */;
			buildPhases = (
				53D2D7BD255CB7EE004660CB /* Sources */,
				53D2D7BE255CB7EE004660CB /* Frameworks */,
				53D2D7BF255CB7EE004660CB /* Resources */,
			);
			buildRules = (
			);
			dependencies = (
				53D2D7C3255CB7EE004660CB /* PBXTargetDependency */,
			);
			name = LLOpenGLESTests;
			productName = LLOpenGLESTests;
			productReference = 53D2D7C1255CB7EE004660CB /* LLOpenGLESTests.xctest */;
			productType = "com.apple.product-type.bundle.unit-test";
		};
		53D2D7CB255CB7EE004660CB /* LLOpenGLESUITests */ = {
			isa = PBXNativeTarget;
			buildConfigurationList = 53D2D7DB255CB7EE004660CB /* Build configuration list for PBXNativeTarget "LLOpenGLESUITests" */;
			buildPhases = (
				53D2D7C8255CB7EE004660CB /* Sources */,
				53D2D7C9255CB7EE004660CB /* Frameworks */,
				53D2D7CA255CB7EE004660CB /* Resources */,
			);
			buildRules = (
			);
			dependencies = (
				53D2D7CE255CB7EE004660CB /* PBXTargetDependency */,
			);
			name = LLOpenGLESUITests;
			productName = LLOpenGLESUITests;
			productReference = 53D2D7CC255CB7EE004660CB /* LLOpenGLESUITests.xctest */;
			productType = "com.apple.product-type.bundle.ui-testing";
		};
/* End PBXNativeTarget section */

/* Begin PBXProject section */
		53D2D79E255CB7ED004660CB /* Project object */ = {
			isa = PBXProject;
			attributes = {
				LastUpgradeCheck = 1210;
				TargetAttributes = {
					53D2D7A5255CB7ED004660CB = {
						CreatedOnToolsVersion = 12.1;
					};
					53D2D7C0255CB7EE004660CB = {
						CreatedOnToolsVersion = 12.1;
						TestTargetID = 53D2D7A5255CB7ED004660CB;
					};
					53D2D7CB255CB7EE004660CB = {
						CreatedOnToolsVersion = 12.1;
						TestTargetID = 53D2D7A5255CB7ED004660CB;
					};
				};
			};
			buildConfigurationList = 53D2D7A1255CB7ED004660CB /* Build configuration list for PBXProject "LLOpenGLES" */;
			compatibilityVersion = "Xcode 9.3";
			developmentRegion = en;
			hasScannedForEncodings = 0;
			knownRegions = (
				en,
				Base,
			);
			mainGroup = 53D2D79D255CB7ED004660CB;
			productRefGroup = 53D2D7A7255CB7ED004660CB /* Products */;
			projectDirPath = "";
			projectRoot = "";
			targets = (
				53D2D7A5255CB7ED004660CB /* LLOpenGLES */,
				53D2D7C0255CB7EE004660CB /* LLOpenGLESTests */,
				53D2D7CB255CB7EE004660CB /* LLOpenGLESUITests */,
			);
		};
/* End PBXProject section */

/* Begin PBXResourcesBuildPhase section */
		53D2D7A4255CB7ED004660CB /* Resources */ = {
			isa = PBXResourcesBuildPhase;
			buildActionMask = 2147483647;
			files = (
				53D2D7B9255CB7EE004660CB /* LaunchScreen.storyboard in Resources */,
				53D2D7B6255CB7EE004660CB /* Assets.xcassets in Resources */,
				53571F2C25649DF000F8B903 /* glsl3d.fsh in Resources */,
				538C58CD25634DDC0009011A /* glslImage.vsh in Resources */,
				53571F2725649DD100F8B903 /* glsl3d.vsh in Resources */,
				53D2D7B4255CB7ED004660CB /* Main.storyboard in Resources */,
				53D2D7E5255CBC75004660CB /* 1.png in Resources */,
				538C58D225634E270009011A /* glslImage.fsh in Resources */,
			);
			runOnlyForDeploymentPostprocessing = 0;
		};
		53D2D7BF255CB7EE004660CB /* Resources */ = {
			isa = PBXResourcesBuildPhase;
			buildActionMask = 2147483647;
			files = (
			);
			runOnlyForDeploymentPostprocessing = 0;
		};
		53D2D7CA255CB7EE004660CB /* Resources */ = {
			isa = PBXResourcesBuildPhase;
			buildActionMask = 2147483647;
			files = (
			);
			runOnlyForDeploymentPostprocessing = 0;
		};
/* End PBXResourcesBuildPhase section */

/* Begin PBXSourcesBuildPhase section */
		53D2D7A2255CB7ED004660CB /* Sources */ = {
			isa = PBXSourcesBuildPhase;
			buildActionMask = 2147483647;
			files = (
				538C58C825634D790009011A /* GLSLView.m in Sources */,
				5303C677255E0AD70060B3FA /* GLImageController.m in Sources */,
				538C58C225634CD70009011A /* GLSLImageController.m in Sources */,
				5303C67D255E0E290060B3FA /* GLCubeController.m in Sources */,
				53D0C0D12565EF8E002BBAD5 /* GLKit3DController.m in Sources */,
				53D2D7B1255CB7ED004660CB /* ViewController.m in Sources */,
				53D2D7AB255CB7ED004660CB /* AppDelegate.m in Sources */,
				53571F1725649CD200F8B903 /* GLSL3DController.m in Sources */,
				538C58B92561FC600009011A /* CACubeController.m in Sources */,
				53D2D7BC255CB7EE004660CB /* main.m in Sources */,
				53571F1F25649D6A00F8B903 /* GLSL3DView.m in Sources */,
				53D2D7AE255CB7ED004660CB /* SceneDelegate.m in Sources */,
			);
			runOnlyForDeploymentPostprocessing = 0;
		};
		53D2D7BD255CB7EE004660CB /* Sources */ = {
			isa = PBXSourcesBuildPhase;
			buildActionMask = 2147483647;
			files = (
				53D2D7C6255CB7EE004660CB /* LLOpenGLESTests.m in Sources */,
			);
			runOnlyForDeploymentPostprocessing = 0;
		};
		53D2D7C8255CB7EE004660CB /* Sources */ = {
			isa = PBXSourcesBuildPhase;
			buildActionMask = 2147483647;
			files = (
				53D2D7D1255CB7EE004660CB /* LLOpenGLESUITests.m in Sources */,
			);
			runOnlyForDeploymentPostprocessing = 0;
		};
/* End PBXSourcesBuildPhase section */

/* Begin PBXTargetDependency section */
		53D2D7C3255CB7EE004660CB /* PBXTargetDependency */ = {
			isa = PBXTargetDependency;
			target = 53D2D7A5255CB7ED004660CB /* LLOpenGLES */;
			targetProxy = 53D2D7C2255CB7EE004660CB /* PBXContainerItemProxy */;
		};
		53D2D7CE255CB7EE004660CB /* PBXTargetDependency */ = {
			isa = PBXTargetDependency;
			target = 53D2D7A5255CB7ED004660CB /* LLOpenGLES */;
			targetProxy = 53D2D7CD255CB7EE004660CB /* PBXContainerItemProxy */;
		};
/* End PBXTargetDependency section */

/* Begin PBXVariantGroup section */
		53D2D7B2255CB7ED004660CB /* Main.storyboard */ = {
			isa = PBXVariantGroup;
			children = (
				53D2D7B3255CB7ED004660CB /* Base */,
			);
			name = Main.storyboard;
			sourceTree = "<group>";
		};
		53D2D7B7255CB7EE004660CB /* LaunchScreen.storyboard */ = {
			isa = PBXVariantGroup;
			children = (
				53D2D7B8255CB7EE004660CB /* Base */,
			);
			name = LaunchScreen.storyboard;
			sourceTree = "<group>";
		};
/* End PBXVariantGroup section */

/* Begin XCBuildConfiguration section */
		53D2D7D3255CB7EE004660CB /* Debug */ = {
			isa = XCBuildConfiguration;
			buildSettings = {
				ALWAYS_SEARCH_USER_PATHS = NO;
				CLANG_ANALYZER_NONNULL = YES;
				CLANG_ANALYZER_NUMBER_OBJECT_CONVERSION = YES_AGGRESSIVE;
				CLANG_CXX_LANGUAGE_STANDARD = "gnu++14";
				CLANG_CXX_LIBRARY = "libc++";
				CLANG_ENABLE_MODULES = YES;
				CLANG_ENABLE_OBJC_ARC = YES;
				CLANG_ENABLE_OBJC_WEAK = YES;
				CLANG_WARN_BLOCK_CAPTURE_AUTORELEASING = YES;
				CLANG_WARN_BOOL_CONVERSION = YES;
				CLANG_WARN_COMMA = YES;
				CLANG_WARN_CONSTANT_CONVERSION = YES;
				CLANG_WARN_DEPRECATED_OBJC_IMPLEMENTATIONS = YES;
				CLANG_WARN_DIRECT_OBJC_ISA_USAGE = YES_ERROR;
				CLANG_WARN_DOCUMENTATION_COMMENTS = YES;
				CLANG_WARN_EMPTY_BODY = YES;
				CLANG_WARN_ENUM_CONVERSION = YES;
				CLANG_WARN_INFINITE_RECURSION = YES;
				CLANG_WARN_INT_CONVERSION = YES;
				CLANG_WARN_NON_LITERAL_NULL_CONVERSION = YES;
				CLANG_WARN_OBJC_IMPLICIT_RETAIN_SELF = YES;
				CLANG_WARN_OBJC_LITERAL_CONVERSION = YES;
				CLANG_WARN_OBJC_ROOT_CLASS = YES_ERROR;
				CLANG_WARN_QUOTED_INCLUDE_IN_FRAMEWORK_HEADER = YES;
				CLANG_WARN_RANGE_LOOP_ANALYSIS = YES;
				CLANG_WARN_STRICT_PROTOTYPES = YES;
				CLANG_WARN_SUSPICIOUS_MOVE = YES;
				CLANG_WARN_UNGUARDED_AVAILABILITY = YES_AGGRESSIVE;
				CLANG_WARN_UNREACHABLE_CODE = YES;
				CLANG_WARN__DUPLICATE_METHOD_MATCH = YES;
				COPY_PHASE_STRIP = NO;
				DEBUG_INFORMATION_FORMAT = dwarf;
				ENABLE_STRICT_OBJC_MSGSEND = YES;
				ENABLE_TESTABILITY = YES;
				GCC_C_LANGUAGE_STANDARD = gnu11;
				GCC_DYNAMIC_NO_PIC = NO;
				GCC_NO_COMMON_BLOCKS = YES;
				GCC_OPTIMIZATION_LEVEL = 0;
				GCC_PREPROCESSOR_DEFINITIONS = (
					"DEBUG=1",
					"$(inherited)",
				);
				GCC_WARN_64_TO_32_BIT_CONVERSION = YES;
				GCC_WARN_ABOUT_RETURN_TYPE = YES_ERROR;
				GCC_WARN_UNDECLARED_SELECTOR = YES;
				GCC_WARN_UNINITIALIZED_AUTOS = YES_AGGRESSIVE;
				GCC_WARN_UNUSED_FUNCTION = YES;
				GCC_WARN_UNUSED_VARIABLE = YES;
				IPHONEOS_DEPLOYMENT_TARGET = 14.1;
				MTL_ENABLE_DEBUG_INFO = INCLUDE_SOURCE;
				MTL_FAST_MATH = YES;
				ONLY_ACTIVE_ARCH = YES;
				SDKROOT = iphoneos;
			};
			name = Debug;
		};
		53D2D7D4255CB7EE004660CB /* Release */ = {
			isa = XCBuildConfiguration;
			buildSettings = {
				ALWAYS_SEARCH_USER_PATHS = NO;
				CLANG_ANALYZER_NONNULL = YES;
				CLANG_ANALYZER_NUMBER_OBJECT_CONVERSION = YES_AGGRESSIVE;
				CLANG_CXX_LANGUAGE_STANDARD = "gnu++14";
				CLANG_CXX_LIBRARY = "libc++";
				CLANG_ENABLE_MODULES = YES;
				CLANG_ENABLE_OBJC_ARC = YES;
				CLANG_ENABLE_OBJC_WEAK = YES;
				CLANG_WARN_BLOCK_CAPTURE_AUTORELEASING = YES;
				CLANG_WARN_BOOL_CONVERSION = YES;
				CLANG_WARN_COMMA = YES;
				CLANG_WARN_CONSTANT_CONVERSION = YES;
				CLANG_WARN_DEPRECATED_OBJC_IMPLEMENTATIONS = YES;
				CLANG_WARN_DIRECT_OBJC_ISA_USAGE = YES_ERROR;
				CLANG_WARN_DOCUMENTATION_COMMENTS = YES;
				CLANG_WARN_EMPTY_BODY = YES;
				CLANG_WARN_ENUM_CONVERSION = YES;
				CLANG_WARN_INFINITE_RECURSION = YES;
				CLANG_WARN_INT_CONVERSION = YES;
				CLANG_WARN_NON_LITERAL_NULL_CONVERSION = YES;
				CLANG_WARN_OBJC_IMPLICIT_RETAIN_SELF = YES;
				CLANG_WARN_OBJC_LITERAL_CONVERSION = YES;
				CLANG_WARN_OBJC_ROOT_CLASS = YES_ERROR;
				CLANG_WARN_QUOTED_INCLUDE_IN_FRAMEWORK_HEADER = YES;
				CLANG_WARN_RANGE_LOOP_ANALYSIS = YES;
				CLANG_WARN_STRICT_PROTOTYPES = YES;
				CLANG_WARN_SUSPICIOUS_MOVE = YES;
				CLANG_WARN_UNGUARDED_AVAILABILITY = YES_AGGRESSIVE;
				CLANG_WARN_UNREACHABLE_CODE = YES;
				CLANG_WARN__DUPLICATE_METHOD_MATCH = YES;
				COPY_PHASE_STRIP = NO;
				DEBUG_INFORMATION_FORMAT = "dwarf-with-dsym";
				ENABLE_NS_ASSERTIONS = NO;
				ENABLE_STRICT_OBJC_MSGSEND = YES;
				GCC_C_LANGUAGE_STANDARD = gnu11;
				GCC_NO_COMMON_BLOCKS = YES;
				GCC_WARN_64_TO_32_BIT_CONVERSION = YES;
				GCC_WARN_ABOUT_RETURN_TYPE = YES_ERROR;
				GCC_WARN_UNDECLARED_SELECTOR = YES;
				GCC_WARN_UNINITIALIZED_AUTOS = YES_AGGRESSIVE;
				GCC_WARN_UNUSED_FUNCTION = YES;
				GCC_WARN_UNUSED_VARIABLE = YES;
				IPHONEOS_DEPLOYMENT_TARGET = 14.1;
				MTL_ENABLE_DEBUG_INFO = NO;
				MTL_FAST_MATH = YES;
				SDKROOT = iphoneos;
				VALIDATE_PRODUCT = YES;
			};
			name = Release;
		};
		53D2D7D6255CB7EE004660CB /* Debug */ = {
			isa = XCBuildConfiguration;
			buildSettings = {
				ASSETCATALOG_COMPILER_APPICON_NAME = AppIcon;
				ASSETCATALOG_COMPILER_GLOBAL_ACCENT_COLOR_NAME = AccentColor;
				CODE_SIGN_STYLE = Automatic;
				DEVELOPMENT_TEAM = V43UX8WJSQ;
				INFOPLIST_FILE = LLOpenGLES/Info.plist;
				IPHONEOS_DEPLOYMENT_TARGET = 13.0;
				LD_RUNPATH_SEARCH_PATHS = (
					"$(inherited)",
					"@executable_path/Frameworks",
				);
				PRODUCT_BUNDLE_IDENTIFIER = "cn.Charles-Keith.LLOpenGLES";
				PRODUCT_NAME = "$(TARGET_NAME)";
				TARGETED_DEVICE_FAMILY = "1,2";
			};
			name = Debug;
		};
		53D2D7D7255CB7EE004660CB /* Release */ = {
			isa = XCBuildConfiguration;
			buildSettings = {
				ASSETCATALOG_COMPILER_APPICON_NAME = AppIcon;
				ASSETCATALOG_COMPILER_GLOBAL_ACCENT_COLOR_NAME = AccentColor;
				CODE_SIGN_STYLE = Automatic;
				DEVELOPMENT_TEAM = V43UX8WJSQ;
				INFOPLIST_FILE = LLOpenGLES/Info.plist;
				IPHONEOS_DEPLOYMENT_TARGET = 13.0;
				LD_RUNPATH_SEARCH_PATHS = (
					"$(inherited)",
					"@executable_path/Frameworks",
				);
				PRODUCT_BUNDLE_IDENTIFIER = "cn.Charles-Keith.LLOpenGLES";
				PRODUCT_NAME = "$(TARGET_NAME)";
				TARGETED_DEVICE_FAMILY = "1,2";
			};
			name = Release;
		};
		53D2D7D9255CB7EE004660CB /* Debug */ = {
			isa = XCBuildConfiguration;
			buildSettings = {
				BUNDLE_LOADER = "$(TEST_HOST)";
				CODE_SIGN_STYLE = Automatic;
				DEVELOPMENT_TEAM = V43UX8WJSQ;
				INFOPLIST_FILE = LLOpenGLESTests/Info.plist;
				IPHONEOS_DEPLOYMENT_TARGET = 14.1;
				LD_RUNPATH_SEARCH_PATHS = (
					"$(inherited)",
					"@executable_path/Frameworks",
					"@loader_path/Frameworks",
				);
				PRODUCT_BUNDLE_IDENTIFIER = "cn.Charles-Keith.LLOpenGLESTests";
				PRODUCT_NAME = "$(TARGET_NAME)";
				TARGETED_DEVICE_FAMILY = "1,2";
				TEST_HOST = "$(BUILT_PRODUCTS_DIR)/LLOpenGLES.app/LLOpenGLES";
			};
			name = Debug;
		};
		53D2D7DA255CB7EE004660CB /* Release */ = {
			isa = XCBuildConfiguration;
			buildSettings = {
				BUNDLE_LOADER = "$(TEST_HOST)";
				CODE_SIGN_STYLE = Automatic;
				DEVELOPMENT_TEAM = V43UX8WJSQ;
				INFOPLIST_FILE = LLOpenGLESTests/Info.plist;
				IPHONEOS_DEPLOYMENT_TARGET = 14.1;
				LD_RUNPATH_SEARCH_PATHS = (
					"$(inherited)",
					"@executable_path/Frameworks",
					"@loader_path/Frameworks",
				);
				PRODUCT_BUNDLE_IDENTIFIER = "cn.Charles-Keith.LLOpenGLESTests";
				PRODUCT_NAME = "$(TARGET_NAME)";
				TARGETED_DEVICE_FAMILY = "1,2";
				TEST_HOST = "$(BUILT_PRODUCTS_DIR)/LLOpenGLES.app/LLOpenGLES";
			};
			name = Release;
		};
		53D2D7DC255CB7EE004660CB /* Debug */ = {
			isa = XCBuildConfiguration;
			buildSettings = {
				CODE_SIGN_STYLE = Automatic;
				DEVELOPMENT_TEAM = V43UX8WJSQ;
				INFOPLIST_FILE = LLOpenGLESUITests/Info.plist;
				LD_RUNPATH_SEARCH_PATHS = (
					"$(inherited)",
					"@executable_path/Frameworks",
					"@loader_path/Frameworks",
				);
				PRODUCT_BUNDLE_IDENTIFIER = "cn.Charles-Keith.LLOpenGLESUITests";
				PRODUCT_NAME = "$(TARGET_NAME)";
				TARGETED_DEVICE_FAMILY = "1,2";
				TEST_TARGET_NAME = LLOpenGLES;
			};
			name = Debug;
		};
		53D2D7DD255CB7EE004660CB /* Release */ = {
			isa = XCBuildConfiguration;
			buildSettings = {
				CODE_SIGN_STYLE = Automatic;
				DEVELOPMENT_TEAM = V43UX8WJSQ;
				INFOPLIST_FILE = LLOpenGLESUITests/Info.plist;
				LD_RUNPATH_SEARCH_PATHS = (
					"$(inherited)",
					"@executable_path/Frameworks",
					"@loader_path/Frameworks",
				);
				PRODUCT_BUNDLE_IDENTIFIER = "cn.Charles-Keith.LLOpenGLESUITests";
				PRODUCT_NAME = "$(TARGET_NAME)";
				TARGETED_DEVICE_FAMILY = "1,2";
				TEST_TARGET_NAME = LLOpenGLES;
			};
			name = Release;
		};
/* End XCBuildConfiguration section */

/* Begin XCConfigurationList section */
		53D2D7A1255CB7ED004660CB /* Build configuration list for PBXProject "LLOpenGLES" */ = {
			isa = XCConfigurationList;
			buildConfigurations = (
				53D2D7D3255CB7EE004660CB /* Debug */,
				53D2D7D4255CB7EE004660CB /* Release */,
			);
			defaultConfigurationIsVisible = 0;
			defaultConfigurationName = Release;
		};
		53D2D7D5255CB7EE004660CB /* Build configuration list for PBXNativeTarget "LLOpenGLES" */ = {
			isa = XCConfigurationList;
			buildConfigurations = (
				53D2D7D6255CB7EE004660CB /* Debug */,
				53D2D7D7255CB7EE004660CB /* Release */,
			);
			defaultConfigurationIsVisible = 0;
			defaultConfigurationName = Release;
		};
		53D2D7D8255CB7EE004660CB /* Build configuration list for PBXNativeTarget "LLOpenGLESTests" */ = {
			isa = XCConfigurationList;
			buildConfigurations = (
				53D2D7D9255CB7EE004660CB /* Debug */,
				53D2D7DA255CB7EE004660CB /* Release */,
			);
			defaultConfigurationIsVisible = 0;
			defaultConfigurationName = Release;
		};
		53D2D7DB255CB7EE004660CB /* Build configuration list for PBXNativeTarget "LLOpenGLESUITests" */ = {
			isa = XCConfigurationList;
			buildConfigurations = (
				53D2D7DC255CB7EE004660CB /* Debug */,
				53D2D7DD255CB7EE004660CB /* Release */,
			);
			defaultConfigurationIsVisible = 0;
			defaultConfigurationName = Release;
		};
/* End XCConfigurationList section */
	};
	rootObject = 53D2D79E255CB7ED004660CB /* Project object */;
}
